{
  "name": "farmease",
  "version": "0.1.0",
  "lockfileVersion": 3,
  "requires": true,
  "packages": {
    "": {
      "name": "farmease",
      "version": "0.1.0",
      "license": "Apache-2.0",
      "dependencies": {
        "@farmease/sdk": "^0.1.0"
      }
    },
    "node_modules/@farmease/sdk": {
      "version": "0.1.0",
      "resolved": "https://registry.npmjs.org/@farmease/sdk/-/sdk-0.1.0.tgz",
      "integrity": "sha512-p1LD4sn0b0ctffymw2rEU4vM03DZ65yg/PMINI6w4zkIrt0pBOzaRG+W5Wq/OnARcDBjJfRFSNGs6a4YvNInww==",
      "license": "Apache-2.0",
      "engines": {
        "node": ">=18"
      }
    }
  }
}
